
Microsoft Visual Studio Solution File, Format Version 12.00
# Visual Studio 14
VisualStudioVersion = 14.0.24720.0
MinimumVisualStudioVersion = 10.0.40219.1
Project("{FAE04EC0-301F-11D3-BF4B-00C04F79EFBC}") = "Linda Stahl Uppgift 3 2016", "Linda Stahl Uppgift 3 2016\Linda Stahl Uppgift 3 2016.csproj", "{055FE228-5F57-4AE9-83BF-04AE064B6B02}"
EndProject
Global
	GlobalSection(SolutionConfigurationPlatforms) = preSolution
		Debug|Any CPU = Debug|Any CPU
		Release|Any CPU = Release|Any CPU
	EndGlobalSection
	GlobalSection(ProjectConfigurationPlatforms) = postSolution
		{055FE228-5F57-4AE9-83BF-04AE064B6B02}.Debug|Any CPU.ActiveCfg = Debug|Any CPU
		{055FE228-5F57-4AE9-83BF-04AE064B6B02}.Debug|Any CPU.Build.0 = Debug|Any CPU
		{055FE228-5F57-4AE9-83BF-04AE064B6B02}.Release|Any CPU.ActiveCfg = Release|Any CPU
		{055FE228-5F57-4AE9-83BF-04AE064B6B02}.Release|Any CPU.Build.0 = Release|Any CPU
	EndGlobalSection
	GlobalSection(SolutionProperties) = preSolution
		HideSolutionNode = FALSE
	EndGlobalSection
EndGlobal
